// !$*UTF8*$!
{
	archiveVersion = 1;
	classes = {
	};
	objectVersion = 50;
	objects = {

/* Begin PBXBuildFile section */
		9A5A42B22655A80600AF7918 /* TriviaViewController.swift in Sources */ = {isa = PBXBuildFile; fileRef = 9A5A42B12655A80600AF7918 /* TriviaViewController.swift */; };
		9A5A42B42655A81700AF7918 /* ResultsViewController.swift in Sources */ = {isa = PBXBuildFile; fileRef = 9A5A42B32655A81700AF7918 /* ResultsViewController.swift */; };
		AC94325E265587B900FB47C4 /* AppDelegate.swift in Sources */ = {isa = PBXBuildFile; fileRef = AC94325D265587B900FB47C4 /* AppDelegate.swift */; };
		AC943260265587B900FB47C4 /* SceneDelegate.swift in Sources */ = {isa = PBXBuildFile; fileRef = AC94325F265587B900FB47C4 /* SceneDelegate.swift */; };
		AC943265265587B900FB47C4 /* Main.storyboard in Resources */ = {isa = PBXBuildFile; fileRef = AC943263265587B900FB47C4 /* Main.storyboard */; };
		AC943267265587BA00FB47C4 /* Assets.xcassets in Resources */ = {isa = PBXBuildFile; fileRef = AC943266265587BA00FB47C4 /* Assets.xcassets */; };
		AC94326A265587BA00FB47C4 /* LaunchScreen.storyboard in Resources */ = {isa = PBXBuildFile; fileRef = AC943268265587BA00FB47C4 /* LaunchScreen.storyboard */; };
		AC94327B2655885F00FB47C4 /* Trivia.swift in Sources */ = {isa = PBXBuildFile; fileRef = AC94327A2655885F00FB47C4 /* Trivia.swift */; };
		AC94327D265588E200FB47C4 /* PlaceholderForCustomViews.swift in Sources */ = {isa = PBXBuildFile; fileRef = AC94327C265588E200FB47C4 /* PlaceholderForCustomViews.swift */; };
		AC94327F2655892300FB47C4 /* TriviaController.swift in Sources */ = {isa = PBXBuildFile; fileRef = AC94327E2655892300FB47C4 /* TriviaController.swift */; };
		AC9432832655898400FB47C4 /* PlaceholderForHelpersAndExtension.swift in Sources */ = {isa = PBXBuildFile; fileRef = AC9432822655898400FB47C4 /* PlaceholderForHelpersAndExtension.swift */; };
		AC943285265590A200FB47C4 /* TriviaController.swift in Sources */ = {isa = PBXBuildFile; fileRef = AC943284265590A200FB47C4 /* TriviaController.swift */; };
/* End PBXBuildFile section */

/* Begin PBXFileReference section */
		9A5A42B12655A80600AF7918 /* TriviaViewController.swift */ = {isa = PBXFileReference; lastKnownFileType = sourcecode.swift; path = TriviaViewController.swift; sourceTree = "<group>"; };
		9A5A42B32655A81700AF7918 /* ResultsViewController.swift */ = {isa = PBXFileReference; lastKnownFileType = sourcecode.swift; path = ResultsViewController.swift; sourceTree = "<group>"; };
		AC94325A265587B800FB47C4 /* TriviaGame.app */ = {isa = PBXFileReference; explicitFileType = wrapper.application; includeInIndex = 0; path = TriviaGame.app; sourceTree = BUILT_PRODUCTS_DIR; };
		AC94325D265587B900FB47C4 /* AppDelegate.swift */ = {isa = PBXFileReference; lastKnownFileType = sourcecode.swift; path = AppDelegate.swift; sourceTree = "<group>"; };
		AC94325F265587B900FB47C4 /* SceneDelegate.swift */ = {isa = PBXFileReference; lastKnownFileType = sourcecode.swift; path = SceneDelegate.swift; sourceTree = "<group>"; };
		AC943264265587B900FB47C4 /* Base */ = {isa = PBXFileReference; lastKnownFileType = file.storyboard; name = Base; path = Base.lproj/Main.storyboard; sourceTree = "<group>"; };
		AC943266265587BA00FB47C4 /* Assets.xcassets */ = {isa = PBXFileReference; lastKnownFileType = folder.assetcatalog; path = Assets.xcassets; sourceTree = "<group>"; };
		AC943269265587BA00FB47C4 /* Base */ = {isa = PBXFileReference; lastKnownFileType = file.storyboard; name = Base; path = Base.lproj/LaunchScreen.storyboard; sourceTree = "<group>"; };
		AC94326B265587BA00FB47C4 /* Info.plist */ = {isa = PBXFileReference; lastKnownFileType = text.plist.xml; path = Info.plist; sourceTree = "<group>"; };
		AC94327A2655885F00FB47C4 /* Trivia.swift */ = {isa = PBXFileReference; lastKnownFileType = sourcecode.swift; path = Trivia.swift; sourceTree = "<group>"; };
		AC94327C265588E200FB47C4 /* PlaceholderForCustomViews.swift */ = {isa = PBXFileReference; lastKnownFileType = sourcecode.swift; path = PlaceholderForCustomViews.swift; sourceTree = "<group>"; };
		AC94327E2655892300FB47C4 /* TriviaController.swift */ = {isa = PBXFileReference; lastKnownFileType = sourcecode.swift; path = TriviaController.swift; sourceTree = "<group>"; };
		AC9432822655898400FB47C4 /* PlaceholderForHelpersAndExtension.swift */ = {isa = PBXFileReference; lastKnownFileType = sourcecode.swift; path = PlaceholderForHelpersAndExtension.swift; sourceTree = "<group>"; };
		AC943284265590A200FB47C4 /* TriviaController.swift */ = {isa = PBXFileReference; lastKnownFileType = sourcecode.swift; path = TriviaController.swift; sourceTree = "<group>"; };
/* End PBXFileReference section */

/* Begin PBXFrameworksBuildPhase section */
		AC943257265587B800FB47C4 /* Frameworks */ = {
			isa = PBXFrameworksBuildPhase;
			buildActionMask = 2147483647;
			files = (
			);
			runOnlyForDeploymentPostprocessing = 0;
		};
/* End PBXFrameworksBuildPhase section */

/* Begin PBXGroup section */
		AC943251265587B800FB47C4 = {
			isa = PBXGroup;
			children = (
				AC94325C265587B800FB47C4 /* TriviaGame */,
				AC94325B265587B800FB47C4 /* Products */,
			);
			sourceTree = "<group>";
		};
		AC94325B265587B800FB47C4 /* Products */ = {
			isa = PBXGroup;
			children = (
				AC94325A265587B800FB47C4 /* TriviaGame.app */,
			);
			name = Products;
			sourceTree = "<group>";
		};
		AC94325C265587B800FB47C4 /* TriviaGame */ = {
			isa = PBXGroup;
			children = (
				AC9432792655883600FB47C4 /* Models */,
				AC9432762655881E00FB47C4 /* Views */,
				AC9432732655880000FB47C4 /* Controllers */,
				AC943272265587F300FB47C4 /* Helpers and Extensions */,
				AC943271265587D400FB47C4 /* Resources */,
			);
			path = TriviaGame;
			sourceTree = "<group>";
		};
		AC943271265587D400FB47C4 /* Resources */ = {
			isa = PBXGroup;
			children = (
				AC94325D265587B900FB47C4 /* AppDelegate.swift */,
				AC94325F265587B900FB47C4 /* SceneDelegate.swift */,
				AC943266265587BA00FB47C4 /* Assets.xcassets */,
				AC943268265587BA00FB47C4 /* LaunchScreen.storyboard */,
				AC94326B265587BA00FB47C4 /* Info.plist */,
			);
			path = Resources;
			sourceTree = "<group>";
		};
		AC943272265587F300FB47C4 /* Helpers and Extensions */ = {
			isa = PBXGroup;
			children = (
				AC9432822655898400FB47C4 /* PlaceholderForHelpersAndExtension.swift */,
			);
			path = "Helpers and Extensions";
			sourceTree = "<group>";
		};
		AC9432732655880000FB47C4 /* Controllers */ = {
			isa = PBXGroup;
			children = (
				AC9432752655881100FB47C4 /* Model Controllers */,
				AC9432742655880600FB47C4 /* View Controllers */,
			);
			path = Controllers;
			sourceTree = "<group>";
		};
		AC9432742655880600FB47C4 /* View Controllers */ = {
			isa = PBXGroup;
			children = (
				9A5A42B12655A80600AF7918 /* TriviaViewController.swift */,
				9A5A42B32655A81700AF7918 /* ResultsViewController.swift */,
			);
			path = "View Controllers";
			sourceTree = "<group>";
		};
		AC9432752655881100FB47C4 /* Model Controllers */ = {
			isa = PBXGroup;
			children = (
				AC94327E2655892300FB47C4 /* PlaceholderForModelController.swift */,
				AC943284265590A200FB47C4 /* TriviaController.swift */,
			);
			path = "Model Controllers";
			sourceTree = "<group>";
		};
		AC9432762655881E00FB47C4 /* Views */ = {
			isa = PBXGroup;
			children = (
				AC9432782655883000FB47C4 /* Custom Views */,
				AC9432772655882400FB47C4 /* Storyboards */,
			);
			path = Views;
			sourceTree = "<group>";
		};
		AC9432772655882400FB47C4 /* Storyboards */ = {
			isa = PBXGroup;
			children = (
				AC943263265587B900FB47C4 /* Main.storyboard */,
			);
			path = Storyboards;
			sourceTree = "<group>";
		};
		AC9432782655883000FB47C4 /* Custom Views */ = {
			isa = PBXGroup;
			children = (
				AC94327C265588E200FB47C4 /* PlaceholderForCustomViews.swift */,
			);
			path = "Custom Views";
			sourceTree = "<group>";
		};
		AC9432792655883600FB47C4 /* Models */ = {
			isa = PBXGroup;
			children = (
				AC94327A2655885F00FB47C4 /* Trivia.swift */,
			);
			path = Models;
			sourceTree = "<group>";
		};
/* End PBXGroup section */

/* Begin PBXNativeTarget section */
		AC943259265587B800FB47C4 /* TriviaGame */ = {
			isa = PBXNativeTarget;
			buildConfigurationList = AC94326E265587BA00FB47C4 /* Build configuration list for PBXNativeTarget "TriviaGame" */;
			buildPhases = (
				AC943256265587B800FB47C4 /* Sources */,
				AC943257265587B800FB47C4 /* Frameworks */,
				AC943258265587B800FB47C4 /* Resources */,
			);
			buildRules = (
			);
			dependencies = (
			);
			name = TriviaGame;
			productName = TriviaGame;
			productReference = AC94325A265587B800FB47C4 /* TriviaGame.app */;
			productType = "com.apple.product-type.application";
		};
/* End PBXNativeTarget section */

/* Begin PBXProject section */
		AC943252265587B800FB47C4 /* Project object */ = {
			isa = PBXProject;
			attributes = {
				LastSwiftUpdateCheck = 1250;
				LastUpgradeCheck = 1250;
				TargetAttributes = {
					AC943259265587B800FB47C4 = {
						CreatedOnToolsVersion = 12.5;
					};
				};
			};
			buildConfigurationList = AC943255265587B800FB47C4 /* Build configuration list for PBXProject "TriviaGame" */;
			compatibilityVersion = "Xcode 9.3";
			developmentRegion = en;
			hasScannedForEncodings = 0;
			knownRegions = (
				en,
				Base,
			);
			mainGroup = AC943251265587B800FB47C4;
			productRefGroup = AC94325B265587B800FB47C4 /* Products */;
			projectDirPath = "";
			projectRoot = "";
			targets = (
				AC943259265587B800FB47C4 /* TriviaGame */,
			);
		};
/* End PBXProject section */

/* Begin PBXResourcesBuildPhase section */
		AC943258265587B800FB47C4 /* Resources */ = {
			isa = PBXResourcesBuildPhase;
			buildActionMask = 2147483647;
			files = (
				AC94326A265587BA00FB47C4 /* LaunchScreen.storyboard in Resources */,
				AC943267265587BA00FB47C4 /* Assets.xcassets in Resources */,
				AC943265265587B900FB47C4 /* Main.storyboard in Resources */,
			);
			runOnlyForDeploymentPostprocessing = 0;
		};
/* End PBXResourcesBuildPhase section */

/* Begin PBXSourcesBuildPhase section */
		AC943256265587B800FB47C4 /* Sources */ = {
			isa = PBXSourcesBuildPhase;
			buildActionMask = 2147483647;
			files = (
				AC94327D265588E200FB47C4 /* PlaceholderForCustomViews.swift in Sources */,
				9A5A42B22655A80600AF7918 /* TriviaViewController.swift in Sources */,
				AC94325E265587B900FB47C4 /* AppDelegate.swift in Sources */,
				AC94327F2655892300FB47C4 /* PlaceholderForModelController.swift in Sources */,
				AC943285265590A200FB47C4 /* TriviaController.swift in Sources */,
				AC943260265587B900FB47C4 /* SceneDelegate.swift in Sources */,
				AC9432832655898400FB47C4 /* PlaceholderForHelpersAndExtension.swift in Sources */,
				AC94327B2655885F00FB47C4 /* Trivia.swift in Sources */,
				9A5A42B42655A81700AF7918 /* ResultsViewController.swift in Sources */,
			);
			runOnlyForDeploymentPostprocessing = 0;
		};
/* End PBXSourcesBuildPhase section */

/* Begin PBXVariantGroup section */
		AC943263265587B900FB47C4 /* Main.storyboard */ = {
			isa = PBXVariantGroup;
			children = (
				AC943264265587B900FB47C4 /* Base */,
			);
			name = Main.storyboard;
			sourceTree = "<group>";
		};
		AC943268265587BA00FB47C4 /* LaunchScreen.storyboard */ = {
			isa = PBXVariantGroup;
			children = (
				AC943269265587BA00FB47C4 /* Base */,
			);
			name = LaunchScreen.storyboard;
			sourceTree = "<group>";
		};
/* End PBXVariantGroup section */

/* Begin XCBuildConfiguration section */
		AC94326C265587BA00FB47C4 /* Debug */ = {
			isa = XCBuildConfiguration;
			buildSettings = {
				ALWAYS_SEARCH_USER_PATHS = NO;
				CLANG_ANALYZER_NONNULL = YES;
				CLANG_ANALYZER_NUMBER_OBJECT_CONVERSION = YES_AGGRESSIVE;
				CLANG_CXX_LANGUAGE_STANDARD = "gnu++14";
				CLANG_CXX_LIBRARY = "libc++";
				CLANG_ENABLE_MODULES = YES;
				CLANG_ENABLE_OBJC_ARC = YES;
				CLANG_ENABLE_OBJC_WEAK = YES;
				CLANG_WARN_BLOCK_CAPTURE_AUTORELEASING = YES;
				CLANG_WARN_BOOL_CONVERSION = YES;
				CLANG_WARN_COMMA = YES;
				CLANG_WARN_CONSTANT_CONVERSION = YES;
				CLANG_WARN_DEPRECATED_OBJC_IMPLEMENTATIONS = YES;
				CLANG_WARN_DIRECT_OBJC_ISA_USAGE = YES_ERROR;
				CLANG_WARN_DOCUMENTATION_COMMENTS = YES;
				CLANG_WARN_EMPTY_BODY = YES;
				CLANG_WARN_ENUM_CONVERSION = YES;
				CLANG_WARN_INFINITE_RECURSION = YES;
				CLANG_WARN_INT_CONVERSION = YES;
				CLANG_WARN_NON_LITERAL_NULL_CONVERSION = YES;
				CLANG_WARN_OBJC_IMPLICIT_RETAIN_SELF = YES;
				CLANG_WARN_OBJC_LITERAL_CONVERSION = YES;
				CLANG_WARN_OBJC_ROOT_CLASS = YES_ERROR;
				CLANG_WARN_QUOTED_INCLUDE_IN_FRAMEWORK_HEADER = YES;
				CLANG_WARN_RANGE_LOOP_ANALYSIS = YES;
				CLANG_WARN_STRICT_PROTOTYPES = YES;
				CLANG_WARN_SUSPICIOUS_MOVE = YES;
				CLANG_WARN_UNGUARDED_AVAILABILITY = YES_AGGRESSIVE;
				CLANG_WARN_UNREACHABLE_CODE = YES;
				CLANG_WARN__DUPLICATE_METHOD_MATCH = YES;
				COPY_PHASE_STRIP = NO;
				DEBUG_INFORMATION_FORMAT = dwarf;
				ENABLE_STRICT_OBJC_MSGSEND = YES;
				ENABLE_TESTABILITY = YES;
				GCC_C_LANGUAGE_STANDARD = gnu11;
				GCC_DYNAMIC_NO_PIC = NO;
				GCC_NO_COMMON_BLOCKS = YES;
				GCC_OPTIMIZATION_LEVEL = 0;
				GCC_PREPROCESSOR_DEFINITIONS = (
					"DEBUG=1",
					"$(inherited)",
				);
				GCC_WARN_64_TO_32_BIT_CONVERSION = YES;
				GCC_WARN_ABOUT_RETURN_TYPE = YES_ERROR;
				GCC_WARN_UNDECLARED_SELECTOR = YES;
				GCC_WARN_UNINITIALIZED_AUTOS = YES_AGGRESSIVE;
				GCC_WARN_UNUSED_FUNCTION = YES;
				GCC_WARN_UNUSED_VARIABLE = YES;
				IPHONEOS_DEPLOYMENT_TARGET = 14.5;
				MTL_ENABLE_DEBUG_INFO = INCLUDE_SOURCE;
				MTL_FAST_MATH = YES;
				ONLY_ACTIVE_ARCH = YES;
				SDKROOT = iphoneos;
				SWIFT_ACTIVE_COMPILATION_CONDITIONS = DEBUG;
				SWIFT_OPTIMIZATION_LEVEL = "-Onone";
			};
			name = Debug;
		};
		AC94326D265587BA00FB47C4 /* Release */ = {
			isa = XCBuildConfiguration;
			buildSettings = {
				ALWAYS_SEARCH_USER_PATHS = NO;
				CLANG_ANALYZER_NONNULL = YES;
				CLANG_ANALYZER_NUMBER_OBJECT_CONVERSION = YES_AGGRESSIVE;
				CLANG_CXX_LANGUAGE_STANDARD = "gnu++14";
				CLANG_CXX_LIBRARY = "libc++";
				CLANG_ENABLE_MODULES = YES;
				CLANG_ENABLE_OBJC_ARC = YES;
				CLANG_ENABLE_OBJC_WEAK = YES;
				CLANG_WARN_BLOCK_CAPTURE_AUTORELEASING = YES;
				CLANG_WARN_BOOL_CONVERSION = YES;
				CLANG_WARN_COMMA = YES;
				CLANG_WARN_CONSTANT_CONVERSION = YES;
				CLANG_WARN_DEPRECATED_OBJC_IMPLEMENTATIONS = YES;
				CLANG_WARN_DIRECT_OBJC_ISA_USAGE = YES_ERROR;
				CLANG_WARN_DOCUMENTATION_COMMENTS = YES;
				CLANG_WARN_EMPTY_BODY = YES;
				CLANG_WARN_ENUM_CONVERSION = YES;
				CLANG_WARN_INFINITE_RECURSION = YES;
				CLANG_WARN_INT_CONVERSION = YES;
				CLANG_WARN_NON_LITERAL_NULL_CONVERSION = YES;
				CLANG_WARN_OBJC_IMPLICIT_RETAIN_SELF = YES;
				CLANG_WARN_OBJC_LITERAL_CONVERSION = YES;
				CLANG_WARN_OBJC_ROOT_CLASS = YES_ERROR;
				CLANG_WARN_QUOTED_INCLUDE_IN_FRAMEWORK_HEADER = YES;
				CLANG_WARN_RANGE_LOOP_ANALYSIS = YES;
				CLANG_WARN_STRICT_PROTOTYPES = YES;
				CLANG_WARN_SUSPICIOUS_MOVE = YES;
				CLANG_WARN_UNGUARDED_AVAILABILITY = YES_AGGRESSIVE;
				CLANG_WARN_UNREACHABLE_CODE = YES;
				CLANG_WARN__DUPLICATE_METHOD_MATCH = YES;
				COPY_PHASE_STRIP = NO;
				DEBUG_INFORMATION_FORMAT = "dwarf-with-dsym";
				ENABLE_NS_ASSERTIONS = NO;
				ENABLE_STRICT_OBJC_MSGSEND = YES;
				GCC_C_LANGUAGE_STANDARD = gnu11;
				GCC_NO_COMMON_BLOCKS = YES;
				GCC_WARN_64_TO_32_BIT_CONVERSION = YES;
				GCC_WARN_ABOUT_RETURN_TYPE = YES_ERROR;
				GCC_WARN_UNDECLARED_SELECTOR = YES;
				GCC_WARN_UNINITIALIZED_AUTOS = YES_AGGRESSIVE;
				GCC_WARN_UNUSED_FUNCTION = YES;
				GCC_WARN_UNUSED_VARIABLE = YES;
				IPHONEOS_DEPLOYMENT_TARGET = 14.5;
				MTL_ENABLE_DEBUG_INFO = NO;
				MTL_FAST_MATH = YES;
				SDKROOT = iphoneos;
				SWIFT_COMPILATION_MODE = wholemodule;
				SWIFT_OPTIMIZATION_LEVEL = "-O";
				VALIDATE_PRODUCT = YES;
			};
			name = Release;
		};
		AC94326F265587BA00FB47C4 /* Debug */ = {
			isa = XCBuildConfiguration;
			buildSettings = {
				ASSETCATALOG_COMPILER_APPICON_NAME = AppIcon;
				ASSETCATALOG_COMPILER_GLOBAL_ACCENT_COLOR_NAME = AccentColor;
				CODE_SIGN_STYLE = Automatic;
				DEVELOPMENT_TEAM = 9XZY7N8QBS;
				INFOPLIST_FILE = TriviaGame/Resources/Info.plist;
				LD_RUNPATH_SEARCH_PATHS = (
					"$(inherited)",
					"@executable_path/Frameworks",
				);
				PRODUCT_BUNDLE_IDENTIFIER = com.anthonybyrd.TriviaGame;
				PRODUCT_NAME = "$(TARGET_NAME)";
				SWIFT_VERSION = 5.0;
				TARGETED_DEVICE_FAMILY = "1,2";
			};
			name = Debug;
		};
		AC943270265587BA00FB47C4 /* Release */ = {
			isa = XCBuildConfiguration;
			buildSettings = {
				ASSETCATALOG_COMPILER_APPICON_NAME = AppIcon;
				ASSETCATALOG_COMPILER_GLOBAL_ACCENT_COLOR_NAME = AccentColor;
				CODE_SIGN_STYLE = Automatic;
				DEVELOPMENT_TEAM = 9XZY7N8QBS;
				INFOPLIST_FILE = TriviaGame/Resources/Info.plist;
				LD_RUNPATH_SEARCH_PATHS = (
					"$(inherited)",
					"@executable_path/Frameworks",
				);
				PRODUCT_BUNDLE_IDENTIFIER = com.anthonybyrd.TriviaGame;
				PRODUCT_NAME = "$(TARGET_NAME)";
				SWIFT_VERSION = 5.0;
				TARGETED_DEVICE_FAMILY = "1,2";
			};
			name = Release;
		};
/* End XCBuildConfiguration section */

/* Begin XCConfigurationList section */
		AC943255265587B800FB47C4 /* Build configuration list for PBXProject "TriviaGame" */ = {
			isa = XCConfigurationList;
			buildConfigurations = (
				AC94326C265587BA00FB47C4 /* Debug */,
				AC94326D265587BA00FB47C4 /* Release */,
			);
			defaultConfigurationIsVisible = 0;
			defaultConfigurationName = Release;
		};
		AC94326E265587BA00FB47C4 /* Build configuration list for PBXNativeTarget "TriviaGame" */ = {
			isa = XCConfigurationList;
			buildConfigurations = (
				AC94326F265587BA00FB47C4 /* Debug */,
				AC943270265587BA00FB47C4 /* Release */,
			);
			defaultConfigurationIsVisible = 0;
			defaultConfigurationName = Release;
		};
/* End XCConfigurationList section */
	};
	rootObject = AC943252265587B800FB47C4 /* Project object */;
}
